<?xml version="1.0" encoding="utf-8"?>
<Project ToolsVersion="4.0" xmlns="http://schemas.microsoft.com/developer/msbuild/2003">
  <ItemGroup>
    <Filter Include="FrameWork">
      <UniqueIdentifier>{7e1e8676-bccb-47fd-821b-c45d1b6979a4}</UniqueIdentifier>
    </Filter>
    <Filter Include="FrameWork\Headers">
      <UniqueIdentifier>{ace9e054-815b-482a-9189-b040871908de}</UniqueIdentifier>
    </Filter>
    <Filter Include="FrameWork\Sources">
      <UniqueIdentifier>{debd4ab9-1fcb-488b-9752-82a278b37a39}</UniqueIdentifier>
    </Filter>
    <Filter Include="Shaders">
      <UniqueIdentifier>{f1ac8b18-b0f0-471b-9ba9-07a58e9118f6}</UniqueIdentifier>
    </Filter>
    <Filter Include="QuickTriggered">
      <UniqueIdentifier>{d73b79eb-e641-407a-ad78-4b38007668ba}</UniqueIdentifier>
    </Filter>
    <Filter Include="QuickTriggered\BackEnd">
      <UniqueIdentifier>{df34c5c1-5c7f-47a1-a57a-b9d24eda39da}</UniqueIdentifier>
    </Filter>
    <Filter Include="QuickTriggered\FrontEnd">
      <UniqueIdentifier>{90a3cb3e-5f2e-45f1-84f6-3b9972618c4d}</UniqueIdentifier>
    </Filter>
  </ItemGroup>
  <ItemGroup>
    <ClInclude Include="D3DAPP.h">
      <Filter>FrameWork\Headers</Filter>
    </ClInclude>
    <ClInclude Include="Timer.h">
      <Filter>FrameWork\Headers</Filter>
    </ClInclude>
    <ClInclude Include="Vector2d.h">
      <Filter>FrameWork\Headers</Filter>
    </ClInclude>
    <ClInclude Include="Files.h">
      <Filter>FrameWork\Headers</Filter>
    </ClInclude>
    <ClInclude Include="MathHelper.h">
      <Filter>FrameWork\Headers</Filter>
    </ClInclude>
    <ClInclude Include="StringHelper.h">
      <Filter>FrameWork\Headers</Filter>
    </ClInclude>
    <ClInclude Include="Button.h">
      <Filter>FrameWork\Headers</Filter>
    </ClInclude>
    <ClInclude Include="Basic2DDraw.h">
      <Filter>FrameWork\Headers</Filter>
    </ClInclude>
    <ClInclude Include="ElementBaseManager.h">
      <Filter>FrameWork\Headers</Filter>
    </ClInclude>
    <ClInclude Include="BasicInterface.h">
      <Filter>FrameWork\Headers</Filter>
    </ClInclude>
    <ClInclude Include="BasicElement.h">
      <Filter>FrameWork\Headers</Filter>
    </ClInclude>
    <ClInclude Include="Element.h">
      <Filter>FrameWork\Headers</Filter>
    </ClInclude>
    <ClInclude Include="Application.h">
      <Filter>QuickTriggered\BackEnd</Filter>
    </ClInclude>
    <ClInclude Include="QuickTriggered.h">
      <Filter>QuickTriggered\BackEnd</Filter>
    </ClInclude>
    <ClInclude Include="GUIFigures.h">
      <Filter>QuickTriggered\FrontEnd</Filter>
    </ClInclude>
    <ClInclude Include="TestPipeline.h">
      <Filter>QuickTriggered\FrontEnd</Filter>
    </ClInclude>
    <ClInclude Include="ShaderManager.h">
      <Filter>FrameWork\Headers</Filter>
    </ClInclude>
    <ClInclude Include="FigureDrop.h">
      <Filter>QuickTriggered\BackEnd</Filter>
    </ClInclude>
    <ClInclude Include="GameProgress.h">
      <Filter>QuickTriggered\BackEnd</Filter>
    </ClInclude>
    <ClInclude Include="Progress.h">
      <Filter>QuickTriggered\BackEnd</Filter>
    </ClInclude>
    <ClInclude Include="Turns.h">
      <Filter>QuickTriggered\BackEnd</Filter>
    </ClInclude>
    <ClInclude Include="Grid.h">
      <Filter>QuickTriggered\BackEnd</Filter>
    </ClInclude>
    <ClInclude Include="FigureMorale.h">
      <Filter>QuickTriggered\BackEnd</Filter>
    </ClInclude>
    <ClInclude Include="FigureB.h">
      <Filter>QuickTriggered\BackEnd</Filter>
    </ClInclude>
  </ItemGroup>
  <ItemGroup>
    <ClCompile Include="D3DAPP.cpp">
      <Filter>FrameWork\Sources</Filter>
    </ClCompile>
    <ClCompile Include="Timer.cpp">
      <Filter>FrameWork\Sources</Filter>
    </ClCompile>
    <ClCompile Include="Vector2d.cpp">
      <Filter>FrameWork\Sources</Filter>
    </ClCompile>
    <ClCompile Include="Button.cpp">
      <Filter>FrameWork\Sources</Filter>
    </ClCompile>
    <ClCompile Include="Basic2DDraw.cpp">
      <Filter>FrameWork\Sources</Filter>
    </ClCompile>
    <ClCompile Include="Files.cpp">
      <Filter>FrameWork\Sources</Filter>
    </ClCompile>
    <ClCompile Include="BasicInterface.cpp">
      <Filter>FrameWork\Sources</Filter>
    </ClCompile>
    <ClCompile Include="BasicElement.cpp">
      <Filter>FrameWork\Sources</Filter>
    </ClCompile>
    <ClCompile Include="Element.cpp">
      <Filter>FrameWork\Sources</Filter>
    </ClCompile>
    <ClCompile Include="Application.cpp">
      <Filter>QuickTriggered\BackEnd</Filter>
    </ClCompile>
    <ClCompile Include="QuickTriggered.cpp">
      <Filter>QuickTriggered\BackEnd</Filter>
    </ClCompile>
    <ClCompile Include="GUIFigure.cpp">
      <Filter>QuickTriggered\FrontEnd</Filter>
    </ClCompile>
    <ClCompile Include="TestPipeline.cpp">
      <Filter>QuickTriggered\FrontEnd</Filter>
    </ClCompile>
    <ClCompile Include="ShaderManager.cpp">
      <Filter>FrameWork\Sources</Filter>
    </ClCompile>
    <ClCompile Include="FigureDrop.cpp">
      <Filter>QuickTriggered\BackEnd</Filter>
    </ClCompile>
    <ClCompile Include="GameProgress.cpp">
      <Filter>QuickTriggered\BackEnd</Filter>
    </ClCompile>
    <ClCompile Include="Turns.cpp">
      <Filter>QuickTriggered\BackEnd</Filter>
    </ClCompile>
    <ClCompile Include="Source.cpp">
      <Filter>QuickTriggered\BackEnd</Filter>
    </ClCompile>
    <ClCompile Include="Grid.cpp">
      <Filter>QuickTriggered\BackEnd</Filter>
    </ClCompile>
    <ClCompile Include="FigureMorale.cpp">
      <Filter>QuickTriggered\BackEnd</Filter>
    </ClCompile>
    <ClCompile Include="FigureB.cpp">
      <Filter>QuickTriggered\BackEnd</Filter>
    </ClCompile>
  </ItemGroup>
  <ItemGroup>
    <FxCompile Include="StandartVShader.fx">
      <Filter>Shaders</Filter>
    </FxCompile>
    <FxCompile Include="StandartPShader.fx">
      <Filter>Shaders</Filter>
    </FxCompile>
    <FxCompile Include="SmoothPS.fx">
      <Filter>Shaders</Filter>
    </FxCompile>
  </ItemGroup>
  <ItemGroup>
    <Text Include="TestSave.txt" />
  </ItemGroup>
  <ItemGroup>
    <None Include="NewPS.fx">
      <Filter>Shaders</Filter>
    </None>
  </ItemGroup>
</Project>